// !$*UTF8*$!
{
	archiveVersion = 1;
	classes = {
	};
	objectVersion = 50;
	objects = {

/* Begin PBXBuildFile section */
		3F1E64B0220023B200CF8AA9 /* sweet.gif in Resources */ = {isa = PBXBuildFile; fileRef = 3F1E64AF220023B200CF8AA9 /* sweet.gif */; };
		3F656A7F21FAE478006D1E7E /* Swift+Gif.swift in Sources */ = {isa = PBXBuildFile; fileRef = 3F656A7E21FAE478006D1E7E /* Swift+Gif.swift */; };
		3F656A8121FAE49A006D1E7E /* NavigationController.swift in Sources */ = {isa = PBXBuildFile; fileRef = 3F656A8021FAE49A006D1E7E /* NavigationController.swift */; };
		3F656A8321FAE4B0006D1E7E /* ExtensionColor.swift in Sources */ = {isa = PBXBuildFile; fileRef = 3F656A8221FAE4B0006D1E7E /* ExtensionColor.swift */; };
		3F656A8521FAE535006D1E7E /* firstViewController.swift in Sources */ = {isa = PBXBuildFile; fileRef = 3F656A8421FAE535006D1E7E /* firstViewController.swift */; };
		3F656A8D21FAE98B006D1E7E /* floral.gif in Resources */ = {isa = PBXBuildFile; fileRef = 3F656A8621FAE986006D1E7E /* floral.gif */; };
		3F656A8E21FAE98B006D1E7E /* oriental.gif in Resources */ = {isa = PBXBuildFile; fileRef = 3F656A8721FAE986006D1E7E /* oriental.gif */; };
		3F656A8F21FAE98B006D1E7E /* rainy.gif in Resources */ = {isa = PBXBuildFile; fileRef = 3F656A8821FAE988006D1E7E /* rainy.gif */; };
		3F656A9021FAE98B006D1E7E /* spicy.gif in Resources */ = {isa = PBXBuildFile; fileRef = 3F656A8921FAE988006D1E7E /* spicy.gif */; };
		3F656A9121FAE98B006D1E7E /* oceanic.gif in Resources */ = {isa = PBXBuildFile; fileRef = 3F656A8A21FAE988006D1E7E /* oceanic.gif */; };
		3F656A9221FAE98B006D1E7E /* fruity.gif in Resources */ = {isa = PBXBuildFile; fileRef = 3F656A8B21FAE989006D1E7E /* fruity.gif */; };
		3F656A9321FAE98B006D1E7E /* woody.gif in Resources */ = {isa = PBXBuildFile; fileRef = 3F656A8C21FAE98B006D1E7E /* woody.gif */; };
		3F7AE6DE21F70E8700385F2F /* detailViewController.swift in Sources */ = {isa = PBXBuildFile; fileRef = 3F7AE6DD21F70E8700385F2F /* detailViewController.swift */; };
		3FE365BB21F5A4E600BCACF0 /* AppDelegate.swift in Sources */ = {isa = PBXBuildFile; fileRef = 3FE365BA21F5A4E600BCACF0 /* AppDelegate.swift */; };
		3FE365BD21F5A4E600BCACF0 /* ViewController.swift in Sources */ = {isa = PBXBuildFile; fileRef = 3FE365BC21F5A4E600BCACF0 /* ViewController.swift */; };
		3FE365C021F5A4E600BCACF0 /* Main.storyboard in Resources */ = {isa = PBXBuildFile; fileRef = 3FE365BE21F5A4E600BCACF0 /* Main.storyboard */; };
		3FE365C221F5A4E700BCACF0 /* Assets.xcassets in Resources */ = {isa = PBXBuildFile; fileRef = 3FE365C121F5A4E700BCACF0 /* Assets.xcassets */; };
		3FE365C521F5A4E700BCACF0 /* LaunchScreen.storyboard in Resources */ = {isa = PBXBuildFile; fileRef = 3FE365C321F5A4E700BCACF0 /* LaunchScreen.storyboard */; };
		3FE365D321F5AFEE00BCACF0 /* ReserveCell.swift in Sources */ = {isa = PBXBuildFile; fileRef = 3FE365D221F5AFEE00BCACF0 /* ReserveCell.swift */; };
		3FE365D521F5B2FD00BCACF0 /* Models.swift in Sources */ = {isa = PBXBuildFile; fileRef = 3FE365D421F5B2FD00BCACF0 /* Models.swift */; };
		3FE365D721F5BB9B00BCACF0 /* myCollectionViewCell.swift in Sources */ = {isa = PBXBuildFile; fileRef = 3FE365D621F5BB9B00BCACF0 /* myCollectionViewCell.swift */; };
		3FF3527521FEED82000FA9DE /* SavedCollectionViewCell.swift in Sources */ = {isa = PBXBuildFile; fileRef = 3FF3527421FEED82000FA9DE /* SavedCollectionViewCell.swift */; };
		3FF3527721FEED9B000FA9DE /* SavedCollectionViewController.swift in Sources */ = {isa = PBXBuildFile; fileRef = 3FF3527621FEED9B000FA9DE /* SavedCollectionViewController.swift */; };
		3FF3527A21FEEE60000FA9DE /* KCC은영체(모바일용).ttf in Resources */ = {isa = PBXBuildFile; fileRef = 3FF3527921FEEE58000FA9DE /* KCC은영체(모바일용).ttf */; };
		3FF3527B21FEEE63000FA9DE /* KCC은영체(모바일용).otf in Resources */ = {isa = PBXBuildFile; fileRef = 3FF3527821FEEE54000FA9DE /* KCC은영체(모바일용).otf */; };
		3FF3527D21FEF0A5000FA9DE /* UIButton.swift in Sources */ = {isa = PBXBuildFile; fileRef = 3FF3527C21FEF0A5000FA9DE /* UIButton.swift */; };
/* End PBXBuildFile section */

/* Begin PBXFileReference section */
		3F1E64AF220023B200CF8AA9 /* sweet.gif */ = {isa = PBXFileReference; lastKnownFileType = image.gif; path = sweet.gif; sourceTree = "<group>"; };
		3F656A7E21FAE478006D1E7E /* Swift+Gif.swift */ = {isa = PBXFileReference; lastKnownFileType = sourcecode.swift; path = "Swift+Gif.swift"; sourceTree = "<group>"; };
		3F656A8021FAE49A006D1E7E /* NavigationController.swift */ = {isa = PBXFileReference; lastKnownFileType = sourcecode.swift; path = NavigationController.swift; sourceTree = "<group>"; };
		3F656A8221FAE4B0006D1E7E /* ExtensionColor.swift */ = {isa = PBXFileReference; lastKnownFileType = sourcecode.swift; path = ExtensionColor.swift; sourceTree = "<group>"; };
		3F656A8421FAE535006D1E7E /* firstViewController.swift */ = {isa = PBXFileReference; lastKnownFileType = sourcecode.swift; path = firstViewController.swift; sourceTree = "<group>"; };
		3F656A8621FAE986006D1E7E /* floral.gif */ = {isa = PBXFileReference; lastKnownFileType = image.gif; path = floral.gif; sourceTree = "<group>"; };
		3F656A8721FAE986006D1E7E /* oriental.gif */ = {isa = PBXFileReference; lastKnownFileType = image.gif; path = oriental.gif; sourceTree = "<group>"; };
		3F656A8821FAE988006D1E7E /* rainy.gif */ = {isa = PBXFileReference; lastKnownFileType = image.gif; path = rainy.gif; sourceTree = "<group>"; };
		3F656A8921FAE988006D1E7E /* spicy.gif */ = {isa = PBXFileReference; lastKnownFileType = image.gif; path = spicy.gif; sourceTree = "<group>"; };
		3F656A8A21FAE988006D1E7E /* oceanic.gif */ = {isa = PBXFileReference; lastKnownFileType = image.gif; path = oceanic.gif; sourceTree = "<group>"; };
		3F656A8B21FAE989006D1E7E /* fruity.gif */ = {isa = PBXFileReference; lastKnownFileType = image.gif; path = fruity.gif; sourceTree = "<group>"; };
		3F656A8C21FAE98B006D1E7E /* woody.gif */ = {isa = PBXFileReference; lastKnownFileType = image.gif; path = woody.gif; sourceTree = "<group>"; };
		3F7AE6DD21F70E8700385F2F /* detailViewController.swift */ = {isa = PBXFileReference; lastKnownFileType = sourcecode.swift; path = detailViewController.swift; sourceTree = "<group>"; };
		3FE365B721F5A4E600BCACF0 /* NewMasterDetail.app */ = {isa = PBXFileReference; explicitFileType = wrapper.application; includeInIndex = 0; path = NewMasterDetail.app; sourceTree = BUILT_PRODUCTS_DIR; };
		3FE365BA21F5A4E600BCACF0 /* AppDelegate.swift */ = {isa = PBXFileReference; lastKnownFileType = sourcecode.swift; path = AppDelegate.swift; sourceTree = "<group>"; };
		3FE365BC21F5A4E600BCACF0 /* ViewController.swift */ = {isa = PBXFileReference; lastKnownFileType = sourcecode.swift; path = ViewController.swift; sourceTree = "<group>"; wrapsLines = 0; };
		3FE365BF21F5A4E600BCACF0 /* Base */ = {isa = PBXFileReference; lastKnownFileType = file.storyboard; name = Base; path = Base.lproj/Main.storyboard; sourceTree = "<group>"; };
		3FE365C121F5A4E700BCACF0 /* Assets.xcassets */ = {isa = PBXFileReference; lastKnownFileType = folder.assetcatalog; path = Assets.xcassets; sourceTree = "<group>"; };
		3FE365C421F5A4E700BCACF0 /* Base */ = {isa = PBXFileReference; lastKnownFileType = file.storyboard; name = Base; path = Base.lproj/LaunchScreen.storyboard; sourceTree = "<group>"; };
		3FE365C621F5A4E700BCACF0 /* Info.plist */ = {isa = PBXFileReference; lastKnownFileType = text.plist.xml; path = Info.plist; sourceTree = "<group>"; };
		3FE365D221F5AFEE00BCACF0 /* ReserveCell.swift */ = {isa = PBXFileReference; lastKnownFileType = sourcecode.swift; path = ReserveCell.swift; sourceTree = "<group>"; };
		3FE365D421F5B2FD00BCACF0 /* Models.swift */ = {isa = PBXFileReference; lastKnownFileType = sourcecode.swift; path = Models.swift; sourceTree = "<group>"; };
		3FE365D621F5BB9B00BCACF0 /* myCollectionViewCell.swift */ = {isa = PBXFileReference; lastKnownFileType = sourcecode.swift; path = myCollectionViewCell.swift; sourceTree = "<group>"; };
		3FF3527421FEED82000FA9DE /* SavedCollectionViewCell.swift */ = {isa = PBXFileReference; lastKnownFileType = sourcecode.swift; path = SavedCollectionViewCell.swift; sourceTree = "<group>"; };
		3FF3527621FEED9B000FA9DE /* SavedCollectionViewController.swift */ = {isa = PBXFileReference; lastKnownFileType = sourcecode.swift; path = SavedCollectionViewController.swift; sourceTree = "<group>"; };
		3FF3527821FEEE54000FA9DE /* KCC은영체(모바일용).otf */ = {isa = PBXFileReference; lastKnownFileType = file; path = "KCC은영체(모바일용).otf"; sourceTree = "<group>"; };
		3FF3527921FEEE58000FA9DE /* KCC은영체(모바일용).ttf */ = {isa = PBXFileReference; lastKnownFileType = file; path = "KCC은영체(모바일용).ttf"; sourceTree = "<group>"; };
		3FF3527C21FEF0A5000FA9DE /* UIButton.swift */ = {isa = PBXFileReference; lastKnownFileType = sourcecode.swift; path = UIButton.swift; sourceTree = "<group>"; };
/* End PBXFileReference section */

/* Begin PBXFrameworksBuildPhase section */
		3FE365B421F5A4E600BCACF0 /* Frameworks */ = {
			isa = PBXFrameworksBuildPhase;
			buildActionMask = 2147483647;
			files = (
			);
			runOnlyForDeploymentPostprocessing = 0;
		};
/* End PBXFrameworksBuildPhase section */

/* Begin PBXGroup section */
		3FE365AE21F5A4E600BCACF0 = {
			isa = PBXGroup;
			children = (
				3FE365B921F5A4E600BCACF0 /* NewMasterDetail */,
				3FE365B821F5A4E600BCACF0 /* Products */,
			);
			sourceTree = "<group>";
		};
		3FE365B821F5A4E600BCACF0 /* Products */ = {
			isa = PBXGroup;
			children = (
				3FE365B721F5A4E600BCACF0 /* NewMasterDetail.app */,
			);
			name = Products;
			sourceTree = "<group>";
		};
		3FE365B921F5A4E600BCACF0 /* NewMasterDetail */ = {
			isa = PBXGroup;
			children = (
				3FF3527921FEEE58000FA9DE /* KCC은영체(모바일용).ttf */,
				3FF3527821FEEE54000FA9DE /* KCC은영체(모바일용).otf */,
				3FE365D621F5BB9B00BCACF0 /* myCollectionViewCell.swift */,
				3FE365BA21F5A4E600BCACF0 /* AppDelegate.swift */,
				3F656A8421FAE535006D1E7E /* firstViewController.swift */,
				3FE365BC21F5A4E600BCACF0 /* ViewController.swift */,
				3FE365BE21F5A4E600BCACF0 /* Main.storyboard */,
				3F656A8621FAE986006D1E7E /* floral.gif */,
				3F656A8721FAE986006D1E7E /* oriental.gif */,
				3F656A8C21FAE98B006D1E7E /* woody.gif */,
				3F656A8821FAE988006D1E7E /* rainy.gif */,
				3F656A8B21FAE989006D1E7E /* fruity.gif */,
				3F1E64AF220023B200CF8AA9 /* sweet.gif */,
				3F656A8921FAE988006D1E7E /* spicy.gif */,
				3F656A8A21FAE988006D1E7E /* oceanic.gif */,
				3FE365C121F5A4E700BCACF0 /* Assets.xcassets */,
				3FE365C321F5A4E700BCACF0 /* LaunchScreen.storyboard */,
				3FE365C621F5A4E700BCACF0 /* Info.plist */,
				3FE365D221F5AFEE00BCACF0 /* ReserveCell.swift */,
				3FE365D421F5B2FD00BCACF0 /* Models.swift */,
				3F7AE6DD21F70E8700385F2F /* detailViewController.swift */,
				3F656A7E21FAE478006D1E7E /* Swift+Gif.swift */,
				3F656A8021FAE49A006D1E7E /* NavigationController.swift */,
				3F656A8221FAE4B0006D1E7E /* ExtensionColor.swift */,
				3FF3527421FEED82000FA9DE /* SavedCollectionViewCell.swift */,
				3FF3527621FEED9B000FA9DE /* SavedCollectionViewController.swift */,
				3FF3527C21FEF0A5000FA9DE /* UIButton.swift */,
			);
			path = NewMasterDetail;
			sourceTree = "<group>";
		};
/* End PBXGroup section */

/* Begin PBXNativeTarget section */
		3FE365B621F5A4E600BCACF0 /* NewMasterDetail */ = {
			isa = PBXNativeTarget;
			buildConfigurationList = 3FE365C921F5A4E700BCACF0 /* Build configuration list for PBXNativeTarget "NewMasterDetail" */;
			buildPhases = (
				3FE365B321F5A4E600BCACF0 /* Sources */,
				3FE365B421F5A4E600BCACF0 /* Frameworks */,
				3FE365B521F5A4E600BCACF0 /* Resources */,
			);
			buildRules = (
			);
			dependencies = (
			);
			name = NewMasterDetail;
			productName = NewMasterDetail;
			productReference = 3FE365B721F5A4E600BCACF0 /* NewMasterDetail.app */;
			productType = "com.apple.product-type.application";
		};
/* End PBXNativeTarget section */

/* Begin PBXProject section */
		3FE365AF21F5A4E600BCACF0 /* Project object */ = {
			isa = PBXProject;
			attributes = {
				LastSwiftUpdateCheck = 1010;
				LastUpgradeCheck = 1010;
				ORGANIZATIONNAME = linc;
				TargetAttributes = {
					3FE365B621F5A4E600BCACF0 = {
						CreatedOnToolsVersion = 10.1;
					};
				};
			};
			buildConfigurationList = 3FE365B221F5A4E600BCACF0 /* Build configuration list for PBXProject "NewMasterDetail" */;
			compatibilityVersion = "Xcode 9.3";
			developmentRegion = en;
			hasScannedForEncodings = 0;
			knownRegions = (
				en,
				Base,
			);
			mainGroup = 3FE365AE21F5A4E600BCACF0;
			productRefGroup = 3FE365B821F5A4E600BCACF0 /* Products */;
			projectDirPath = "";
			projectRoot = "";
			targets = (
				3FE365B621F5A4E600BCACF0 /* NewMasterDetail */,
			);
		};
/* End PBXProject section */

/* Begin PBXResourcesBuildPhase section */
		3FE365B521F5A4E600BCACF0 /* Resources */ = {
			isa = PBXResourcesBuildPhase;
			buildActionMask = 2147483647;
			files = (
				3F656A9121FAE98B006D1E7E /* oceanic.gif in Resources */,
				3FE365C521F5A4E700BCACF0 /* LaunchScreen.storyboard in Resources */,
				3F656A8E21FAE98B006D1E7E /* oriental.gif in Resources */,
				3FF3527A21FEEE60000FA9DE /* KCC은영체(모바일용).ttf in Resources */,
				3F656A9221FAE98B006D1E7E /* fruity.gif in Resources */,
				3FF3527B21FEEE63000FA9DE /* KCC은영체(모바일용).otf in Resources */,
				3F656A9321FAE98B006D1E7E /* woody.gif in Resources */,
				3FE365C221F5A4E700BCACF0 /* Assets.xcassets in Resources */,
				3F1E64B0220023B200CF8AA9 /* sweet.gif in Resources */,
				3F656A8F21FAE98B006D1E7E /* rainy.gif in Resources */,
				3F656A8D21FAE98B006D1E7E /* floral.gif in Resources */,
				3F656A9021FAE98B006D1E7E /* spicy.gif in Resources */,
				3FE365C021F5A4E600BCACF0 /* Main.storyboard in Resources */,
			);
			runOnlyForDeploymentPostprocessing = 0;
		};
/* End PBXResourcesBuildPhase section */

/* Begin PBXSourcesBuildPhase section */
		3FE365B321F5A4E600BCACF0 /* Sources */ = {
			isa = PBXSourcesBuildPhase;
			buildActionMask = 2147483647;
			files = (
				3F656A8521FAE535006D1E7E /* firstViewController.swift in Sources */,
				3FF3527D21FEF0A5000FA9DE /* UIButton.swift in Sources */,
				3F656A8121FAE49A006D1E7E /* NavigationController.swift in Sources */,
				3FE365D321F5AFEE00BCACF0 /* ReserveCell.swift in Sources */,
				3FE365D721F5BB9B00BCACF0 /* myCollectionViewCell.swift in Sources */,
				3FF3527721FEED9B000FA9DE /* SavedCollectionViewController.swift in Sources */,
				3F656A7F21FAE478006D1E7E /* Swift+Gif.swift in Sources */,
				3FE365BD21F5A4E600BCACF0 /* ViewController.swift in Sources */,
				3FE365BB21F5A4E600BCACF0 /* AppDelegate.swift in Sources */,
				3FE365D521F5B2FD00BCACF0 /* Models.swift in Sources */,
				3FF3527521FEED82000FA9DE /* SavedCollectionViewCell.swift in Sources */,
				3F7AE6DE21F70E8700385F2F /* detailViewController.swift in Sources */,
				3F656A8321FAE4B0006D1E7E /* ExtensionColor.swift in Sources */,
			);
			runOnlyForDeploymentPostprocessing = 0;
		};
/* End PBXSourcesBuildPhase section */

/* Begin PBXVariantGroup section */
		3FE365BE21F5A4E600BCACF0 /* Main.storyboard */ = {
			isa = PBXVariantGroup;
			children = (
				3FE365BF21F5A4E600BCACF0 /* Base */,
			);
			name = Main.storyboard;
			sourceTree = "<group>";
		};
		3FE365C321F5A4E700BCACF0 /* LaunchScreen.storyboard */ = {
			isa = PBXVariantGroup;
			children = (
				3FE365C421F5A4E700BCACF0 /* Base */,
			);
			name = LaunchScreen.storyboard;
			sourceTree = "<group>";
		};
/* End PBXVariantGroup section */

/* Begin XCBuildConfiguration section */
		3FE365C721F5A4E700BCACF0 /* Debug */ = {
			isa = XCBuildConfiguration;
			buildSettings = {
				ALWAYS_SEARCH_USER_PATHS = NO;
				CLANG_ANALYZER_NONNULL = YES;
				CLANG_ANALYZER_NUMBER_OBJECT_CONVERSION = YES_AGGRESSIVE;
				CLANG_CXX_LANGUAGE_STANDARD = "gnu++14";
				CLANG_CXX_LIBRARY = "libc++";
				CLANG_ENABLE_MODULES = YES;
				CLANG_ENABLE_OBJC_ARC = YES;
				CLANG_ENABLE_OBJC_WEAK = YES;
				CLANG_WARN_BLOCK_CAPTURE_AUTORELEASING = YES;
				CLANG_WARN_BOOL_CONVERSION = YES;
				CLANG_WARN_COMMA = YES;
				CLANG_WARN_CONSTANT_CONVERSION = YES;
				CLANG_WARN_DEPRECATED_OBJC_IMPLEMENTATIONS = YES;
				CLANG_WARN_DIRECT_OBJC_ISA_USAGE = YES_ERROR;
				CLANG_WARN_DOCUMENTATION_COMMENTS = YES;
				CLANG_WARN_EMPTY_BODY = YES;
				CLANG_WARN_ENUM_CONVERSION = YES;
				CLANG_WARN_INFINITE_RECURSION = YES;
				CLANG_WARN_INT_CONVERSION = YES;
				CLANG_WARN_NON_LITERAL_NULL_CONVERSION = YES;
				CLANG_WARN_OBJC_IMPLICIT_RETAIN_SELF = YES;
				CLANG_WARN_OBJC_LITERAL_CONVERSION = YES;
				CLANG_WARN_OBJC_ROOT_CLASS = YES_ERROR;
				CLANG_WARN_RANGE_LOOP_ANALYSIS = YES;
				CLANG_WARN_STRICT_PROTOTYPES = YES;
				CLANG_WARN_SUSPICIOUS_MOVE = YES;
				CLANG_WARN_UNGUARDED_AVAILABILITY = YES_AGGRESSIVE;
				CLANG_WARN_UNREACHABLE_CODE = YES;
				CLANG_WARN__DUPLICATE_METHOD_MATCH = YES;
				CODE_SIGN_IDENTITY = "iPhone Developer";
				COPY_PHASE_STRIP = NO;
				DEBUG_INFORMATION_FORMAT = dwarf;
				ENABLE_STRICT_OBJC_MSGSEND = YES;
				ENABLE_TESTABILITY = YES;
				GCC_C_LANGUAGE_STANDARD = gnu11;
				GCC_DYNAMIC_NO_PIC = NO;
				GCC_NO_COMMON_BLOCKS = YES;
				GCC_OPTIMIZATION_LEVEL = 0;
				GCC_PREPROCESSOR_DEFINITIONS = (
					"DEBUG=1",
					"$(inherited)",
				);
				GCC_WARN_64_TO_32_BIT_CONVERSION = YES;
				GCC_WARN_ABOUT_RETURN_TYPE = YES_ERROR;
				GCC_WARN_UNDECLARED_SELECTOR = YES;
				GCC_WARN_UNINITIALIZED_AUTOS = YES_AGGRESSIVE;
				GCC_WARN_UNUSED_FUNCTION = YES;
				GCC_WARN_UNUSED_VARIABLE = YES;
				IPHONEOS_DEPLOYMENT_TARGET = 12.1;
				MTL_ENABLE_DEBUG_INFO = INCLUDE_SOURCE;
				MTL_FAST_MATH = YES;
				ONLY_ACTIVE_ARCH = YES;
				SDKROOT = iphoneos;
				SWIFT_ACTIVE_COMPILATION_CONDITIONS = DEBUG;
				SWIFT_OPTIMIZATION_LEVEL = "-Onone";
			};
			name = Debug;
		};
		3FE365C821F5A4E700BCACF0 /* Release */ = {
			isa = XCBuildConfiguration;
			buildSettings = {
				ALWAYS_SEARCH_USER_PATHS = NO;
				CLANG_ANALYZER_NONNULL = YES;
				CLANG_ANALYZER_NUMBER_OBJECT_CONVERSION = YES_AGGRESSIVE;
				CLANG_CXX_LANGUAGE_STANDARD = "gnu++14";
				CLANG_CXX_LIBRARY = "libc++";
				CLANG_ENABLE_MODULES = YES;
				CLANG_ENABLE_OBJC_ARC = YES;
				CLANG_ENABLE_OBJC_WEAK = YES;
				CLANG_WARN_BLOCK_CAPTURE_AUTORELEASING = YES;
				CLANG_WARN_BOOL_CONVERSION = YES;
				CLANG_WARN_COMMA = YES;
				CLANG_WARN_CONSTANT_CONVERSION = YES;
				CLANG_WARN_DEPRECATED_OBJC_IMPLEMENTATIONS = YES;
				CLANG_WARN_DIRECT_OBJC_ISA_USAGE = YES_ERROR;
				CLANG_WARN_DOCUMENTATION_COMMENTS = YES;
				CLANG_WARN_EMPTY_BODY = YES;
				CLANG_WARN_ENUM_CONVERSION = YES;
				CLANG_WARN_INFINITE_RECURSION = YES;
				CLANG_WARN_INT_CONVERSION = YES;
				CLANG_WARN_NON_LITERAL_NULL_CONVERSION = YES;
				CLANG_WARN_OBJC_IMPLICIT_RETAIN_SELF = YES;
				CLANG_WARN_OBJC_LITERAL_CONVERSION = YES;
				CLANG_WARN_OBJC_ROOT_CLASS = YES_ERROR;
				CLANG_WARN_RANGE_LOOP_ANALYSIS = YES;
				CLANG_WARN_STRICT_PROTOTYPES = YES;
				CLANG_WARN_SUSPICIOUS_MOVE = YES;
				CLANG_WARN_UNGUARDED_AVAILABILITY = YES_AGGRESSIVE;
				CLANG_WARN_UNREACHABLE_CODE = YES;
				CLANG_WARN__DUPLICATE_METHOD_MATCH = YES;
				CODE_SIGN_IDENTITY = "iPhone Developer";
				COPY_PHASE_STRIP = NO;
				DEBUG_INFORMATION_FORMAT = "dwarf-with-dsym";
				ENABLE_NS_ASSERTIONS = NO;
				ENABLE_STRICT_OBJC_MSGSEND = YES;
				GCC_C_LANGUAGE_STANDARD = gnu11;
				GCC_NO_COMMON_BLOCKS = YES;
				GCC_WARN_64_TO_32_BIT_CONVERSION = YES;
				GCC_WARN_ABOUT_RETURN_TYPE = YES_ERROR;
				GCC_WARN_UNDECLARED_SELECTOR = YES;
				GCC_WARN_UNINITIALIZED_AUTOS = YES_AGGRESSIVE;
				GCC_WARN_UNUSED_FUNCTION = YES;
				GCC_WARN_UNUSED_VARIABLE = YES;
				IPHONEOS_DEPLOYMENT_TARGET = 12.1;
				MTL_ENABLE_DEBUG_INFO = NO;
				MTL_FAST_MATH = YES;
				SDKROOT = iphoneos;
				SWIFT_COMPILATION_MODE = wholemodule;
				SWIFT_OPTIMIZATION_LEVEL = "-O";
				VALIDATE_PRODUCT = YES;
			};
			name = Release;
		};
		3FE365CA21F5A4E700BCACF0 /* Debug */ = {
			isa = XCBuildConfiguration;
			buildSettings = {
				ASSETCATALOG_COMPILER_APPICON_NAME = AppIcon;
				CODE_SIGN_STYLE = Automatic;
				INFOPLIST_FILE = NewMasterDetail/Info.plist;
				LD_RUNPATH_SEARCH_PATHS = (
					"$(inherited)",
					"@executable_path/Frameworks",
				);
				PRODUCT_BUNDLE_IDENTIFIER = linc.NewMasterDetail;
				PRODUCT_NAME = "$(TARGET_NAME)";
				SWIFT_VERSION = 4.2;
				TARGETED_DEVICE_FAMILY = "1,2";
			};
			name = Debug;
		};
		3FE365CB21F5A4E700BCACF0 /* Release */ = {
			isa = XCBuildConfiguration;
			buildSettings = {
				ASSETCATALOG_COMPILER_APPICON_NAME = AppIcon;
				CODE_SIGN_STYLE = Automatic;
				INFOPLIST_FILE = NewMasterDetail/Info.plist;
				LD_RUNPATH_SEARCH_PATHS = (
					"$(inherited)",
					"@executable_path/Frameworks",
				);
				PRODUCT_BUNDLE_IDENTIFIER = linc.NewMasterDetail;
				PRODUCT_NAME = "$(TARGET_NAME)";
				SWIFT_VERSION = 4.2;
				TARGETED_DEVICE_FAMILY = "1,2";
			};
			name = Release;
		};
/* End XCBuildConfiguration section */

/* Begin XCConfigurationList section */
		3FE365B221F5A4E600BCACF0 /* Build configuration list for PBXProject "NewMasterDetail" */ = {
			isa = XCConfigurationList;
			buildConfigurations = (
				3FE365C721F5A4E700BCACF0 /* Debug */,
				3FE365C821F5A4E700BCACF0 /* Release */,
			);
			defaultConfigurationIsVisible = 0;
			defaultConfigurationName = Release;
		};
		3FE365C921F5A4E700BCACF0 /* Build configuration list for PBXNativeTarget "NewMasterDetail" */ = {
			isa = XCConfigurationList;
			buildConfigurations = (
				3FE365CA21F5A4E700BCACF0 /* Debug */,
				3FE365CB21F5A4E700BCACF0 /* Release */,
			);
			defaultConfigurationIsVisible = 0;
			defaultConfigurationName = Release;
		};
/* End XCConfigurationList section */
	};
	rootObject = 3FE365AF21F5A4E600BCACF0 /* Project object */;
}
